
Microsoft Visual Studio Solution File, Format Version 12.00
# Visual Studio Version 17
VisualStudioVersion = 17.9.34728.123
MinimumVisualStudioVersion = 10.0.40219.1
Project("{FAE04EC0-301F-11D3-BF4B-00C04F79EFBC}") = "AssemblyAreaList", "AssemblyAreaList\AssemblyAreaList.csproj", "{EDE85FBA-E0CE-46CD-8639-1B696AEDF81F}"
EndProject
Project("{2150E333-8FDC-42A3-9474-1A3956D46DE8}") = "솔루션 항목", "솔루션 항목", "{FC04BFA6-8E3E-4A83-B077-74B02DBEA09D}"
	ProjectSection(SolutionItems) = preProject
		SqlQuery_1.sql = SqlQuery_1.sql
	EndProjectSection
EndProject
Global
	GlobalSection(SolutionConfigurationPlatforms) = preSolution
		Debug|Any CPU = Debug|Any CPU
		Release|Any CPU = Release|Any CPU
	EndGlobalSection
	GlobalSection(ProjectConfigurationPlatforms) = postSolution
		{EDE85FBA-E0CE-46CD-8639-1B696AEDF81F}.Debug|Any CPU.ActiveCfg = Debug|Any CPU
		{EDE85FBA-E0CE-46CD-8639-1B696AEDF81F}.Debug|Any CPU.Build.0 = Debug|Any CPU
		{EDE85FBA-E0CE-46CD-8639-1B696AEDF81F}.Release|Any CPU.ActiveCfg = Release|Any CPU
		{EDE85FBA-E0CE-46CD-8639-1B696AEDF81F}.Release|Any CPU.Build.0 = Release|Any CPU
	EndGlobalSection
	GlobalSection(SolutionProperties) = preSolution
		HideSolutionNode = FALSE
	EndGlobalSection
	GlobalSection(ExtensibilityGlobals) = postSolution
		SolutionGuid = {7C2FC690-7D54-48F0-B640-ACA3739B3FF6}
	EndGlobalSection
EndGlobal
